
Microsoft Visual Studio Solution File, Format Version 12.00
# Visual Studio Version 16
VisualStudioVersion = 16.0.29613.14
MinimumVisualStudioVersion = 10.0.40219.1
Project("{9A19103F-16F7-4668-BE54-9A1E7A4F7556}") = "WebAPI", "WebAPI.csproj", "{D52065BA-B3A0-49B1-952A-FBD86F5AF4D2}"
EndProject
Project("{9A19103F-16F7-4668-BE54-9A1E7A4F7556}") = "BusinessLayer", "..\LibraryClasses\BusinessLayer.csproj", "{593FB005-6C60-406F-80DF-17D84CDD763E}"
EndProject
Global
	GlobalSection(SolutionConfigurationPlatforms) = preSolution
		Debug|Any CPU = Debug|Any CPU
		Release|Any CPU = Release|Any CPU
	EndGlobalSection
	GlobalSection(ProjectConfigurationPlatforms) = postSolution
		{D52065BA-B3A0-49B1-952A-FBD86F5AF4D2}.Debug|Any CPU.ActiveCfg = Debug|Any CPU
		{D52065BA-B3A0-49B1-952A-FBD86F5AF4D2}.Debug|Any CPU.Build.0 = Debug|Any CPU
		{D52065BA-B3A0-49B1-952A-FBD86F5AF4D2}.Release|Any CPU.ActiveCfg = Release|Any CPU
		{D52065BA-B3A0-49B1-952A-FBD86F5AF4D2}.Release|Any CPU.Build.0 = Release|Any CPU
		{593FB005-6C60-406F-80DF-17D84CDD763E}.Debug|Any CPU.ActiveCfg = Debug|Any CPU
		{593FB005-6C60-406F-80DF-17D84CDD763E}.Debug|Any CPU.Build.0 = Debug|Any CPU
		{593FB005-6C60-406F-80DF-17D84CDD763E}.Release|Any CPU.ActiveCfg = Release|Any CPU
		{593FB005-6C60-406F-80DF-17D84CDD763E}.Release|Any CPU.Build.0 = Release|Any CPU
	EndGlobalSection
	GlobalSection(SolutionProperties) = preSolution
		HideSolutionNode = FALSE
	EndGlobalSection
	GlobalSection(ExtensibilityGlobals) = postSolution
		SolutionGuid = {EDF432CB-1982-4EA4-8F2A-4553017AFB8E}
	EndGlobalSection
EndGlobal
